{
  "nodes": {
    "cpp-httplib": {
      "flake": false,
      "locked": {
        "lastModified": 1613594216,
        "narHash": "sha256-36+OCiw05oKO7FY9Qu68leAvpdmIS+WEzWuwYdoCvjI=",
        "rev": "ff813bf99d3402adafd4141b660ed2313d27f7a6",
        "revCount": 903,
        "type": "git",
        "url": "https://github.com/yhirose/cpp-httplib.git"
      },
      "original": {
        "rev": "ff813bf99d3402adafd4141b660ed2313d27f7a6",
        "type": "git",
        "url": "https://github.com/yhirose/cpp-httplib.git"
      }
    },
    "cxxopts": {
      "flake": false,
      "locked": {
        "lastModified": 1613338486,
        "narHash": "sha256-6NwdV6wGjI3LEBEZq24qtod9Ct8XBFvYAw22iO+K4Uo=",
        "rev": "aaa5e790b6b5b4c9de0b1ca3346ed0c2e55e4e03",
        "revCount": 321,
        "type": "git",
        "url": "https://github.com/jarro2783/cxxopts.git"
      },
      "original": {
        "rev": "aaa5e790b6b5b4c9de0b1ca3346ed0c2e55e4e03",
        "type": "git",
        "url": "https://github.com/jarro2783/cxxopts.git"
      }
    },
    "flake-utils": {
      "inputs": {
        "systems": "systems"
      },
      "locked": {
        "lastModified": 1692799911,
        "narHash": "sha256-3eihraek4qL744EvQXsK1Ha6C3CR7nnT8X2qWap4RNk=",
        "owner": "numtide",
        "repo": "flake-utils",
        "rev": "f9e7cf818399d17d347f847525c5a5a8032e4e44",
        "type": "github"
      },
      "original": {
        "owner": "numtide",
        "repo": "flake-utils",
        "type": "github"
      }
    },
    "miniz-cpp": {
      "flake": false,
      "locked": {
        "lastModified": 1614166620,
        "narHash": "sha256-IcWwQC5iyO1Twwc+EW0ON+KczIpIbgSEafBiVkWWUwA=",
        "rev": "5a7a6b2aae35cdd5aecb38b9fb51efd9178dd510",
        "revCount": 14,
        "type": "git",
        "url": "https://github.com/Zebreus/miniz-cpp.git"
      },
      "original": {
        "rev": "5a7a6b2aae35cdd5aecb38b9fb51efd9178dd510",
        "type": "git",
        "url": "https://github.com/Zebreus/miniz-cpp.git"
      }
    },
    "nixpkgs": {
      "locked": {
        "lastModified": 1694165555,
        "narHash": "sha256-zEdfp9qznW9Qwd/IZU7v9AHCfMjROPOT2119lMLWoWQ=",
        "owner": "nixos",
        "repo": "nixpkgs",
        "rev": "059ee99ef4451a3663329daa596e6586191f2528",
        "type": "github"
      },
      "original": {
        "owner": "nixos",
        "repo": "nixpkgs",
        "type": "github"
      }
    },
    "root": {
      "inputs": {
        "cpp-httplib": "cpp-httplib",
        "cxxopts": "cxxopts",
        "flake-utils": "flake-utils",
        "miniz-cpp": "miniz-cpp",
        "nixpkgs": "nixpkgs"
      }
    },
    "systems": {
      "locked": {
        "lastModified": 1681028828,
        "narHash": "sha256-Vy1rq5AaRuLzOxct8nz4T6wlgyUR7zLU309k9mBC768=",
        "owner": "nix-systems",
        "repo": "default",
        "rev": "da67096a3b9bf56a91d16901293e51ba5b49a27e",
        "type": "github"
      },
      "original": {
        "owner": "nix-systems",
        "repo": "default",
        "type": "github"
      }
    }
  },
  "root": "root",
  "version": 7
}
